
Microsoft Visual Studio Solution File, Format Version 12.00
# Visual Studio Version 17
VisualStudioVersion = 17.13.35806.99
MinimumVisualStudioVersion = 10.0.40219.1
Project("{FAE04EC0-301F-11D3-BF4B-00C04F79EFBC}") = "API.GW", "API.GW\API.GW.csproj", "{15609BFF-95EE-402B-AAFD-7317ADDC57BA}"
EndProject
Project("{FAE04EC0-301F-11D3-BF4B-00C04F79EFBC}") = "Test", "Test\Test.csproj", "{2E170B08-DC3E-4E00-82E4-93C508B306CC}"
EndProject
Project("{2150E333-8FDC-42A3-9474-1A3956D46DE8}") = "Solution Items", "Solution Items", "{8EC462FD-D22E-90A8-E5CE-7E832BA40C5D}"
	ProjectSection(SolutionItems) = preProject
		docker-compose.yml = docker-compose.yml
		Readme.md = Readme.md
	EndProjectSection
EndProject
Project("{FAE04EC0-301F-11D3-BF4B-00C04F79EFBC}") = "API.AUTH", "API.AUTH\API.AUTH.csproj", "{4455C4CB-BEC3-4682-AD61-C2EEA4B4FCAA}"
EndProject
Project("{FAE04EC0-301F-11D3-BF4B-00C04F79EFBC}") = "API.PROCESS", "API.PROCESS\API.PROCESS.csproj", "{98A3DBB1-71B7-4028-BDFB-6A537C7E380C}"
EndProject
Project("{FAE04EC0-301F-11D3-BF4B-00C04F79EFBC}") = "COMMON.CONTRACTS", "COMMON.CONTRACTS\COMMON.CONTRACTS.csproj", "{7CC02F4B-05A6-47E3-B3A2-AF46B61B5179}"
EndProject
Project("{FAE04EC0-301F-11D3-BF4B-00C04F79EFBC}") = "COMMON.REPO", "COMMON.REPO\COMMON.REPO.csproj", "{C854CFD4-1306-4D31-8540-CFD7AE06712C}"
EndProject
Project("{FAE04EC0-301F-11D3-BF4B-00C04F79EFBC}") = "API.S3", "API.S3\API.S3.csproj", "{97359B32-88B9-4192-B266-1DE0260FE0DA}"
EndProject
Project("{FAE04EC0-301F-11D3-BF4B-00C04F79EFBC}") = "COMMON.AWS", "COMMON.AWS\COMMON.AWS.csproj", "{8C94C82D-FE45-40B3-9740-E029EE0E9C89}"
EndProject
Project("{FAE04EC0-301F-11D3-BF4B-00C04F79EFBC}") = "ONBUS.STATUSSERVICE", "ONBUS.STATUSSERVICE\ONBUS.STATUSSERVICE.csproj", "{F887F9E7-E409-4F87-A8FE-BE140AC67A02}"
EndProject
Project("{FAE04EC0-301F-11D3-BF4B-00C04F79EFBC}") = "API.USER", "API.USER\API.USER.csproj", "{2D58A348-28C6-4DB8-B698-F639299429E7}"
EndProject
Project("{FAE04EC0-301F-11D3-BF4B-00C04F79EFBC}") = "ONBUS.MINIWATCH", "ONBUS.MINIWATCH\ONBUS.MINIWATCH.csproj", "{3DE061B7-8FE0-48AA-BB68-AFD6B7759C2C}"
EndProject
Project("{FAE04EC0-301F-11D3-BF4B-00C04F79EFBC}") = "ONBUS.SINGALR", "ONBUS.SINGALR\ONBUS.SINGALR.csproj", "{4D33E54C-45E1-49CD-AA40-E1F44E85DB0A}"
EndProject
Global
	GlobalSection(SolutionConfigurationPlatforms) = preSolution
		Debug|Any CPU = Debug|Any CPU
		Release|Any CPU = Release|Any CPU
	EndGlobalSection
	GlobalSection(ProjectConfigurationPlatforms) = postSolution
		{15609BFF-95EE-402B-AAFD-7317ADDC57BA}.Debug|Any CPU.ActiveCfg = Debug|Any CPU
		{15609BFF-95EE-402B-AAFD-7317ADDC57BA}.Debug|Any CPU.Build.0 = Debug|Any CPU
		{15609BFF-95EE-402B-AAFD-7317ADDC57BA}.Release|Any CPU.ActiveCfg = Release|Any CPU
		{15609BFF-95EE-402B-AAFD-7317ADDC57BA}.Release|Any CPU.Build.0 = Release|Any CPU
		{2E170B08-DC3E-4E00-82E4-93C508B306CC}.Debug|Any CPU.ActiveCfg = Debug|Any CPU
		{2E170B08-DC3E-4E00-82E4-93C508B306CC}.Debug|Any CPU.Build.0 = Debug|Any CPU
		{2E170B08-DC3E-4E00-82E4-93C508B306CC}.Release|Any CPU.ActiveCfg = Release|Any CPU
		{2E170B08-DC3E-4E00-82E4-93C508B306CC}.Release|Any CPU.Build.0 = Release|Any CPU
		{4455C4CB-BEC3-4682-AD61-C2EEA4B4FCAA}.Debug|Any CPU.ActiveCfg = Debug|Any CPU
		{4455C4CB-BEC3-4682-AD61-C2EEA4B4FCAA}.Debug|Any CPU.Build.0 = Debug|Any CPU
		{4455C4CB-BEC3-4682-AD61-C2EEA4B4FCAA}.Release|Any CPU.ActiveCfg = Release|Any CPU
		{4455C4CB-BEC3-4682-AD61-C2EEA4B4FCAA}.Release|Any CPU.Build.0 = Release|Any CPU
		{98A3DBB1-71B7-4028-BDFB-6A537C7E380C}.Debug|Any CPU.ActiveCfg = Debug|Any CPU
		{98A3DBB1-71B7-4028-BDFB-6A537C7E380C}.Debug|Any CPU.Build.0 = Debug|Any CPU
		{98A3DBB1-71B7-4028-BDFB-6A537C7E380C}.Release|Any CPU.ActiveCfg = Release|Any CPU
		{98A3DBB1-71B7-4028-BDFB-6A537C7E380C}.Release|Any CPU.Build.0 = Release|Any CPU
		{7CC02F4B-05A6-47E3-B3A2-AF46B61B5179}.Debug|Any CPU.ActiveCfg = Debug|Any CPU
		{7CC02F4B-05A6-47E3-B3A2-AF46B61B5179}.Debug|Any CPU.Build.0 = Debug|Any CPU
		{7CC02F4B-05A6-47E3-B3A2-AF46B61B5179}.Release|Any CPU.ActiveCfg = Release|Any CPU
		{7CC02F4B-05A6-47E3-B3A2-AF46B61B5179}.Release|Any CPU.Build.0 = Release|Any CPU
		{C854CFD4-1306-4D31-8540-CFD7AE06712C}.Debug|Any CPU.ActiveCfg = Debug|Any CPU
		{C854CFD4-1306-4D31-8540-CFD7AE06712C}.Debug|Any CPU.Build.0 = Debug|Any CPU
		{C854CFD4-1306-4D31-8540-CFD7AE06712C}.Release|Any CPU.ActiveCfg = Release|Any CPU
		{C854CFD4-1306-4D31-8540-CFD7AE06712C}.Release|Any CPU.Build.0 = Release|Any CPU
		{97359B32-88B9-4192-B266-1DE0260FE0DA}.Debug|Any CPU.ActiveCfg = Debug|Any CPU
		{97359B32-88B9-4192-B266-1DE0260FE0DA}.Debug|Any CPU.Build.0 = Debug|Any CPU
		{97359B32-88B9-4192-B266-1DE0260FE0DA}.Release|Any CPU.ActiveCfg = Release|Any CPU
		{97359B32-88B9-4192-B266-1DE0260FE0DA}.Release|Any CPU.Build.0 = Release|Any CPU
		{8C94C82D-FE45-40B3-9740-E029EE0E9C89}.Debug|Any CPU.ActiveCfg = Debug|Any CPU
		{8C94C82D-FE45-40B3-9740-E029EE0E9C89}.Debug|Any CPU.Build.0 = Debug|Any CPU
		{8C94C82D-FE45-40B3-9740-E029EE0E9C89}.Release|Any CPU.ActiveCfg = Release|Any CPU
		{8C94C82D-FE45-40B3-9740-E029EE0E9C89}.Release|Any CPU.Build.0 = Release|Any CPU
		{F887F9E7-E409-4F87-A8FE-BE140AC67A02}.Debug|Any CPU.ActiveCfg = Debug|Any CPU
		{F887F9E7-E409-4F87-A8FE-BE140AC67A02}.Debug|Any CPU.Build.0 = Debug|Any CPU
		{F887F9E7-E409-4F87-A8FE-BE140AC67A02}.Release|Any CPU.ActiveCfg = Release|Any CPU
		{F887F9E7-E409-4F87-A8FE-BE140AC67A02}.Release|Any CPU.Build.0 = Release|Any CPU
		{2D58A348-28C6-4DB8-B698-F639299429E7}.Debug|Any CPU.ActiveCfg = Debug|Any CPU
		{2D58A348-28C6-4DB8-B698-F639299429E7}.Debug|Any CPU.Build.0 = Debug|Any CPU
		{2D58A348-28C6-4DB8-B698-F639299429E7}.Release|Any CPU.ActiveCfg = Release|Any CPU
		{2D58A348-28C6-4DB8-B698-F639299429E7}.Release|Any CPU.Build.0 = Release|Any CPU
		{3DE061B7-8FE0-48AA-BB68-AFD6B7759C2C}.Debug|Any CPU.ActiveCfg = Debug|Any CPU
		{3DE061B7-8FE0-48AA-BB68-AFD6B7759C2C}.Debug|Any CPU.Build.0 = Debug|Any CPU
		{3DE061B7-8FE0-48AA-BB68-AFD6B7759C2C}.Release|Any CPU.ActiveCfg = Release|Any CPU
		{3DE061B7-8FE0-48AA-BB68-AFD6B7759C2C}.Release|Any CPU.Build.0 = Release|Any CPU
		{4D33E54C-45E1-49CD-AA40-E1F44E85DB0A}.Debug|Any CPU.ActiveCfg = Debug|Any CPU
		{4D33E54C-45E1-49CD-AA40-E1F44E85DB0A}.Debug|Any CPU.Build.0 = Debug|Any CPU
		{4D33E54C-45E1-49CD-AA40-E1F44E85DB0A}.Release|Any CPU.ActiveCfg = Release|Any CPU
		{4D33E54C-45E1-49CD-AA40-E1F44E85DB0A}.Release|Any CPU.Build.0 = Release|Any CPU
	EndGlobalSection
	GlobalSection(SolutionProperties) = preSolution
		HideSolutionNode = FALSE
	EndGlobalSection
	GlobalSection(ExtensibilityGlobals) = postSolution
		SolutionGuid = {2D19653E-CB0E-43A5-ACA1-769A3C075007}
	EndGlobalSection
EndGlobal
